{
  "version": 4,
  "terraform_version": "1.9.5",
  "serial": 34,
  "lineage": "2af2a0f6-b8da-134f-91cd-2fc7358e01fe",
  "outputs": {
    "nginx_dev_dns": {
      "value": "ec2-52-91-203-242.compute-1.amazonaws.com",
      "type": "string"
    },
    "nginx_dev_ip": {
      "value": "52.91.203.242",
      "type": "string"
    }
  },
  "resources": [
    {
      "module": "module.nginx_server_dev",
      "mode": "managed",
      "type": "aws_instance",
      "name": "example",
      "provider": "module.nginx_server_dev.provider[\"registry.terraform.io/hashicorp/aws\"]",
      "instances": [
        {
          "schema_version": 1,
          "attributes": {
            "ami": "ami-0440d3b780d96b29d",
            "arn": "arn:aws:ec2:us-east-1:575108961200:instance/i-01d0155cf5daaa255",
            "associate_public_ip_address": true,
            "availability_zone": "us-east-1b",
            "capacity_reservation_specification": [
              {
                "capacity_reservation_preference": "open",
                "capacity_reservation_target": []
              }
            ],
            "cpu_core_count": 1,
            "cpu_options": [
              {
                "amd_sev_snp": "",
                "core_count": 1,
                "threads_per_core": 2
              }
            ],
            "cpu_threads_per_core": 2,
            "credit_specification": [
              {
                "cpu_credits": "unlimited"
              }
            ],
            "disable_api_stop": false,
            "disable_api_termination": false,
            "ebs_block_device": [],
            "ebs_optimized": false,
            "enclave_options": [
              {
                "enabled": false
              }
            ],
            "ephemeral_block_device": [],
            "get_password_data": false,
            "hibernation": false,
            "host_id": "",
            "host_resource_group_arn": null,
            "iam_instance_profile": "",
            "id": "i-01d0155cf5daaa255",
            "instance_initiated_shutdown_behavior": "stop",
            "instance_lifecycle": "",
            "instance_market_options": [],
            "instance_state": "running",
            "instance_type": "t3.medium",
            "ipv6_address_count": 0,
            "ipv6_addresses": [],
            "key_name": "nginx-server",
            "launch_template": [],
            "maintenance_options": [
              {
                "auto_recovery": "default"
              }
            ],
            "metadata_options": [
              {
                "http_endpoint": "enabled",
                "http_protocol_ipv6": "disabled",
                "http_put_response_hop_limit": 2,
                "http_tokens": "required",
                "instance_metadata_tags": "disabled"
              }
            ],
            "monitoring": false,
            "network_interface": [],
            "outpost_arn": "",
            "password_data": "",
            "placement_group": "",
            "placement_partition_number": 0,
            "primary_network_interface_id": "eni-0029dd50c237cbcf1",
            "private_dns": "ip-172-31-95-214.ec2.internal",
            "private_dns_name_options": [
              {
                "enable_resource_name_dns_a_record": false,
                "enable_resource_name_dns_aaaa_record": false,
                "hostname_type": "ip-name"
              }
            ],
            "private_ip": "172.31.95.214",
            "public_dns": "ec2-52-91-203-242.compute-1.amazonaws.com",
            "public_ip": "52.91.203.242",
            "root_block_device": [
              {
                "delete_on_termination": true,
                "device_name": "/dev/xvda",
                "encrypted": false,
                "iops": 3000,
                "kms_key_id": "",
                "tags": {},
                "tags_all": {},
                "throughput": 125,
                "volume_id": "vol-0cfcca65f22a272d5",
                "volume_size": 8,
                "volume_type": "gp3"
              }
            ],
            "secondary_private_ips": [],
            "security_groups": [
              "nginx-server-sg"
            ],
            "source_dest_check": true,
            "spot_instance_request_id": "",
            "subnet_id": "subnet-0019a486ad9e03a16",
            "tags": {
              "Environment": "dev",
              "Name": "nginx-server",
              "Owner": "ja.arizag@uniandes.edu.co",
              "Project": "Tesis",
              "Team": "Security"
            },
            "tags_all": {
              "Environment": "dev",
              "Name": "nginx-server",
              "Owner": "ja.arizag@uniandes.edu.co",
              "Project": "Tesis",
              "Team": "Security"
            },
            "tenancy": "default",
            "timeouts": null,
            "user_data": "8e76099f5163b91277e0a8f96353b03b56a0b4dc",
            "user_data_base64": null,
            "user_data_replace_on_change": false,
            "volume_tags": null,
            "vpc_security_group_ids": [
              "sg-05f4308102eed79f1"
            ]
          },
          "sensitive_attributes": [],
          "private": "eyJlMmJmYjczMC1lY2FhLTExZTYtOGY4OC0zNDM2M2JjN2M0YzAiOnsiY3JlYXRlIjo2MDAwMDAwMDAwMDAsImRlbGV0ZSI6MTIwMDAwMDAwMDAwMCwicmVhZCI6OTAwMDAwMDAwMDAwLCJ1cGRhdGUiOjYwMDAwMDAwMDAwMH0sInNjaGVtYV92ZXJzaW9uIjoiMSJ9",
          "dependencies": [
            "module.nginx_server_dev.aws_key_pair.example-ssh",
            "module.nginx_server_dev.aws_security_group.example-sg"
          ]
        }
      ]
    },
    {
      "module": "module.nginx_server_dev",
      "mode": "managed",
      "type": "aws_key_pair",
      "name": "example-ssh",
      "provider": "module.nginx_server_dev.provider[\"registry.terraform.io/hashicorp/aws\"]",
      "instances": [
        {
          "schema_version": 1,
          "attributes": {
            "arn": "arn:aws:ec2:us-east-1:575108961200:key-pair/nginx-server",
            "fingerprint": "ef:d3:25:67:c9:35:b6:94:96:46:83:59:09:ff:2d:d2",
            "id": "nginx-server",
            "key_name": "nginx-server",
            "key_name_prefix": "",
            "key_pair_id": "key-07cce02242ca0ae2d",
            "key_type": "rsa",
            "public_key": "ssh-rsa AAAAB3NzaC1yc2EAAAADAQABAAABAQC9/OsUdm58owBSO7fUf8Tr28FG3FbSJTC9pesJYsgls/1fjQ0iUOMID3Ryy6rFMMF+7XfKEwLsY2oq+jAf2br85tD8iSOkaIMWK+ONxL056TjB5GKyU/vHJFJOCdO4ggXA5d/apU8oiIjDzwuLf5bU3nF1EntmAFhZCr1zSJ0ve4rXpWrrpccQkjh6LfLsUsbeiubqFCSmBoIhyZyxKVi5AhakPXSH1eVovLgMdVUoF407cvU1MInKQZmo7S77QLuYs4Ekhvdbsbme/f73+5xAyYbmZZ90egLfFbzyfxRMSoGgS3fckSDUmvvI82AbCuv6Ckn3vgzEEm3pId6bn+SV pc@DESKTOP-IB90627",
            "tags": {
              "Environment": "dev",
              "Name": "nginx-server-ssh",
              "Owner": "ja.arizag@uniandes.edu.co",
              "Project": "Tesis",
              "Team": "Security"
            },
            "tags_all": {
              "Environment": "dev",
              "Name": "nginx-server-ssh",
              "Owner": "ja.arizag@uniandes.edu.co",
              "Project": "Tesis",
              "Team": "Security"
            }
          },
          "sensitive_attributes": [],
          "private": "eyJzY2hlbWFfdmVyc2lvbiI6IjEifQ=="
        }
      ]
    },
    {
      "module": "module.nginx_server_dev",
      "mode": "managed",
      "type": "aws_security_group",
      "name": "example-sg",
      "provider": "module.nginx_server_dev.provider[\"registry.terraform.io/hashicorp/aws\"]",
      "instances": [
        {
          "schema_version": 1,
          "attributes": {
            "arn": "arn:aws:ec2:us-east-1:575108961200:security-group/sg-05f4308102eed79f1",
            "description": "Security gruop allowing SSH and HTTP access",
            "egress": [
              {
                "cidr_blocks": [
                  "0.0.0.0/0"
                ],
                "description": "",
                "from_port": 0,
                "ipv6_cidr_blocks": [],
                "prefix_list_ids": [],
                "protocol": "-1",
                "security_groups": [],
                "self": false,
                "to_port": 0
              }
            ],
            "id": "sg-05f4308102eed79f1",
            "ingress": [
              {
                "cidr_blocks": [
                  "0.0.0.0/0"
                ],
                "description": "",
                "from_port": 22,
                "ipv6_cidr_blocks": [],
                "prefix_list_ids": [],
                "protocol": "tcp",
                "security_groups": [],
                "self": false,
                "to_port": 22
              },
              {
                "cidr_blocks": [
                  "0.0.0.0/0"
                ],
                "description": "",
                "from_port": 80,
                "ipv6_cidr_blocks": [],
                "prefix_list_ids": [],
                "protocol": "tcp",
                "security_groups": [],
                "self": false,
                "to_port": 80
              }
            ],
            "name": "nginx-server-sg",
            "name_prefix": "",
            "owner_id": "575108961200",
            "revoke_rules_on_delete": false,
            "tags": {
              "Environment": "dev",
              "Name": "nginx-server-sg",
              "Owner": "ja.arizag@uniandes.edu.co",
              "Project": "Tesis",
              "Team": "Security"
            },
            "tags_all": {
              "Environment": "dev",
              "Name": "nginx-server-sg",
              "Owner": "ja.arizag@uniandes.edu.co",
              "Project": "Tesis",
              "Team": "Security"
            },
            "timeouts": null,
            "vpc_id": "vpc-0125d153d70ae33b5"
          },
          "sensitive_attributes": [],
          "private": "eyJlMmJmYjczMC1lY2FhLTExZTYtOGY4OC0zNDM2M2JjN2M0YzAiOnsiY3JlYXRlIjo2MDAwMDAwMDAwMDAsImRlbGV0ZSI6OTAwMDAwMDAwMDAwfSwic2NoZW1hX3ZlcnNpb24iOiIxIn0="
        }
      ]
    }
  ],
  "check_results": null
}
