{
  "version": 4,
  "terraform_version": "1.9.5",
  "serial": 44,
  "lineage": "2af2a0f6-b8da-134f-91cd-2fc7358e01fe",
  "outputs": {
    "nginx_dev_dns": {
      "value": "ec2-3-92-222-61.compute-1.amazonaws.com",
      "type": "string"
    },
    "nginx_dev_ip": {
      "value": "3.92.222.61",
      "type": "string"
    },
    "nginx_test_dns": {
      "value": "ec2-54-145-92-56.compute-1.amazonaws.com",
      "type": "string"
    },
    "nginx_test_ip": {
      "value": "54.145.92.56",
      "type": "string"
    }
  },
  "resources": [
    {
      "module": "module.nginx_server_dev",
      "mode": "managed",
      "type": "aws_instance",
      "name": "example",
      "provider": "module.nginx_server_dev.provider[\"registry.terraform.io/hashicorp/aws\"]",
      "instances": [
        {
          "schema_version": 1,
          "attributes": {
            "ami": "ami-0440d3b780d96b29d",
            "arn": "arn:aws:ec2:us-east-1:575108961200:instance/i-010f104e14c9967d9",
            "associate_public_ip_address": true,
            "availability_zone": "us-east-1b",
            "capacity_reservation_specification": [
              {
                "capacity_reservation_preference": "open",
                "capacity_reservation_target": []
              }
            ],
            "cpu_core_count": 1,
            "cpu_options": [
              {
                "amd_sev_snp": "",
                "core_count": 1,
                "threads_per_core": 2
              }
            ],
            "cpu_threads_per_core": 2,
            "credit_specification": [
              {
                "cpu_credits": "unlimited"
              }
            ],
            "disable_api_stop": false,
            "disable_api_termination": false,
            "ebs_block_device": [],
            "ebs_optimized": false,
            "enclave_options": [
              {
                "enabled": false
              }
            ],
            "ephemeral_block_device": [],
            "get_password_data": false,
            "hibernation": false,
            "host_id": "",
            "host_resource_group_arn": null,
            "iam_instance_profile": "",
            "id": "i-010f104e14c9967d9",
            "instance_initiated_shutdown_behavior": "stop",
            "instance_lifecycle": "",
            "instance_market_options": [],
            "instance_state": "running",
            "instance_type": "t3.medium",
            "ipv6_address_count": 0,
            "ipv6_addresses": [],
            "key_name": "nginx-server-dev",
            "launch_template": [],
            "maintenance_options": [
              {
                "auto_recovery": "default"
              }
            ],
            "metadata_options": [
              {
                "http_endpoint": "enabled",
                "http_protocol_ipv6": "disabled",
                "http_put_response_hop_limit": 2,
                "http_tokens": "required",
                "instance_metadata_tags": "disabled"
              }
            ],
            "monitoring": false,
            "network_interface": [],
            "outpost_arn": "",
            "password_data": "",
            "placement_group": "",
            "placement_partition_number": 0,
            "primary_network_interface_id": "eni-09dcc2fa11ef66889",
            "private_dns": "ip-172-31-81-100.ec2.internal",
            "private_dns_name_options": [
              {
                "enable_resource_name_dns_a_record": false,
                "enable_resource_name_dns_aaaa_record": false,
                "hostname_type": "ip-name"
              }
            ],
            "private_ip": "172.31.81.100",
            "public_dns": "ec2-3-92-222-61.compute-1.amazonaws.com",
            "public_ip": "3.92.222.61",
            "root_block_device": [
              {
                "delete_on_termination": true,
                "device_name": "/dev/xvda",
                "encrypted": false,
                "iops": 3000,
                "kms_key_id": "",
                "tags": {},
                "tags_all": {},
                "throughput": 125,
                "volume_id": "vol-0f8906bbe30fe8e3a",
                "volume_size": 8,
                "volume_type": "gp3"
              }
            ],
            "secondary_private_ips": [],
            "security_groups": [
              "nginx-server-dev-sg"
            ],
            "source_dest_check": true,
            "spot_instance_request_id": "",
            "subnet_id": "subnet-0019a486ad9e03a16",
            "tags": {
              "Environment": "dev",
              "Name": "nginx-server-dev",
              "Owner": "ja.arizag@uniandes.edu.co",
              "Project": "Tesis",
              "Team": "Security"
            },
            "tags_all": {
              "Environment": "dev",
              "Name": "nginx-server-dev",
              "Owner": "ja.arizag@uniandes.edu.co",
              "Project": "Tesis",
              "Team": "Security"
            },
            "tenancy": "default",
            "timeouts": null,
            "user_data": "8e76099f5163b91277e0a8f96353b03b56a0b4dc",
            "user_data_base64": null,
            "user_data_replace_on_change": false,
            "volume_tags": null,
            "vpc_security_group_ids": [
              "sg-0b252857fa0d6c01c"
            ]
          },
          "sensitive_attributes": [],
          "private": "eyJlMmJmYjczMC1lY2FhLTExZTYtOGY4OC0zNDM2M2JjN2M0YzAiOnsiY3JlYXRlIjo2MDAwMDAwMDAwMDAsImRlbGV0ZSI6MTIwMDAwMDAwMDAwMCwicmVhZCI6OTAwMDAwMDAwMDAwLCJ1cGRhdGUiOjYwMDAwMDAwMDAwMH0sInNjaGVtYV92ZXJzaW9uIjoiMSJ9",
          "dependencies": [
            "module.nginx_server_dev.aws_key_pair.example-ssh",
            "module.nginx_server_dev.aws_security_group.example-sg"
          ]
        }
      ]
    },
    {
      "module": "module.nginx_server_dev",
      "mode": "managed",
      "type": "aws_key_pair",
      "name": "example-ssh",
      "provider": "module.nginx_server_dev.provider[\"registry.terraform.io/hashicorp/aws\"]",
      "instances": [
        {
          "schema_version": 1,
          "attributes": {
            "arn": "arn:aws:ec2:us-east-1:575108961200:key-pair/nginx-server-dev",
            "fingerprint": "ef:d3:25:67:c9:35:b6:94:96:46:83:59:09:ff:2d:d2",
            "id": "nginx-server-dev",
            "key_name": "nginx-server-dev",
            "key_name_prefix": "",
            "key_pair_id": "key-0ce9bf6447e9f5dd0",
            "key_type": "rsa",
            "public_key": "ssh-rsa AAAAB3NzaC1yc2EAAAADAQABAAABAQC9/OsUdm58owBSO7fUf8Tr28FG3FbSJTC9pesJYsgls/1fjQ0iUOMID3Ryy6rFMMF+7XfKEwLsY2oq+jAf2br85tD8iSOkaIMWK+ONxL056TjB5GKyU/vHJFJOCdO4ggXA5d/apU8oiIjDzwuLf5bU3nF1EntmAFhZCr1zSJ0ve4rXpWrrpccQkjh6LfLsUsbeiubqFCSmBoIhyZyxKVi5AhakPXSH1eVovLgMdVUoF407cvU1MInKQZmo7S77QLuYs4Ekhvdbsbme/f73+5xAyYbmZZ90egLfFbzyfxRMSoGgS3fckSDUmvvI82AbCuv6Ckn3vgzEEm3pId6bn+SV pc@DESKTOP-IB90627",
            "tags": {
              "Environment": "dev",
              "Name": "nginx-server-dev-ssh",
              "Owner": "ja.arizag@uniandes.edu.co",
              "Project": "Tesis",
              "Team": "Security"
            },
            "tags_all": {
              "Environment": "dev",
              "Name": "nginx-server-dev-ssh",
              "Owner": "ja.arizag@uniandes.edu.co",
              "Project": "Tesis",
              "Team": "Security"
            }
          },
          "sensitive_attributes": [],
          "private": "eyJzY2hlbWFfdmVyc2lvbiI6IjEifQ=="
        }
      ]
    },
    {
      "module": "module.nginx_server_dev",
      "mode": "managed",
      "type": "aws_security_group",
      "name": "example-sg",
      "provider": "module.nginx_server_dev.provider[\"registry.terraform.io/hashicorp/aws\"]",
      "instances": [
        {
          "schema_version": 1,
          "attributes": {
            "arn": "arn:aws:ec2:us-east-1:575108961200:security-group/sg-0b252857fa0d6c01c",
            "description": "Security gruop allowing SSH and HTTP access",
            "egress": [
              {
                "cidr_blocks": [
                  "0.0.0.0/0"
                ],
                "description": "",
                "from_port": 0,
                "ipv6_cidr_blocks": [],
                "prefix_list_ids": [],
                "protocol": "-1",
                "security_groups": [],
                "self": false,
                "to_port": 0
              }
            ],
            "id": "sg-0b252857fa0d6c01c",
            "ingress": [
              {
                "cidr_blocks": [
                  "0.0.0.0/0"
                ],
                "description": "",
                "from_port": 22,
                "ipv6_cidr_blocks": [],
                "prefix_list_ids": [],
                "protocol": "tcp",
                "security_groups": [],
                "self": false,
                "to_port": 22
              },
              {
                "cidr_blocks": [
                  "0.0.0.0/0"
                ],
                "description": "",
                "from_port": 80,
                "ipv6_cidr_blocks": [],
                "prefix_list_ids": [],
                "protocol": "tcp",
                "security_groups": [],
                "self": false,
                "to_port": 80
              }
            ],
            "name": "nginx-server-dev-sg",
            "name_prefix": "",
            "owner_id": "575108961200",
            "revoke_rules_on_delete": false,
            "tags": {
              "Environment": "dev",
              "Name": "nginx-server-dev-sg",
              "Owner": "ja.arizag@uniandes.edu.co",
              "Project": "Tesis",
              "Team": "Security"
            },
            "tags_all": {
              "Environment": "dev",
              "Name": "nginx-server-dev-sg",
              "Owner": "ja.arizag@uniandes.edu.co",
              "Project": "Tesis",
              "Team": "Security"
            },
            "timeouts": null,
            "vpc_id": "vpc-0125d153d70ae33b5"
          },
          "sensitive_attributes": [],
          "private": "eyJlMmJmYjczMC1lY2FhLTExZTYtOGY4OC0zNDM2M2JjN2M0YzAiOnsiY3JlYXRlIjo2MDAwMDAwMDAwMDAsImRlbGV0ZSI6OTAwMDAwMDAwMDAwfSwic2NoZW1hX3ZlcnNpb24iOiIxIn0="
        }
      ]
    },
    {
      "module": "module.nginx_server_test",
      "mode": "managed",
      "type": "aws_instance",
      "name": "example",
      "provider": "module.nginx_server_test.provider[\"registry.terraform.io/hashicorp/aws\"]",
      "instances": [
        {
          "schema_version": 1,
          "attributes": {
            "ami": "ami-0440d3b780d96b29d",
            "arn": "arn:aws:ec2:us-east-1:575108961200:instance/i-0444ec6ee884dda42",
            "associate_public_ip_address": true,
            "availability_zone": "us-east-1d",
            "capacity_reservation_specification": [
              {
                "capacity_reservation_preference": "open",
                "capacity_reservation_target": []
              }
            ],
            "cpu_core_count": 1,
            "cpu_options": [
              {
                "amd_sev_snp": "",
                "core_count": 1,
                "threads_per_core": 2
              }
            ],
            "cpu_threads_per_core": 2,
            "credit_specification": [
              {
                "cpu_credits": "unlimited"
              }
            ],
            "disable_api_stop": false,
            "disable_api_termination": false,
            "ebs_block_device": [],
            "ebs_optimized": false,
            "enclave_options": [
              {
                "enabled": false
              }
            ],
            "ephemeral_block_device": [],
            "get_password_data": false,
            "hibernation": false,
            "host_id": "",
            "host_resource_group_arn": null,
            "iam_instance_profile": "",
            "id": "i-0444ec6ee884dda42",
            "instance_initiated_shutdown_behavior": "stop",
            "instance_lifecycle": "",
            "instance_market_options": [],
            "instance_state": "running",
            "instance_type": "t3.micro",
            "ipv6_address_count": 0,
            "ipv6_addresses": [],
            "key_name": "nginx-server-test",
            "launch_template": [],
            "maintenance_options": [
              {
                "auto_recovery": "default"
              }
            ],
            "metadata_options": [
              {
                "http_endpoint": "enabled",
                "http_protocol_ipv6": "disabled",
                "http_put_response_hop_limit": 2,
                "http_tokens": "required",
                "instance_metadata_tags": "disabled"
              }
            ],
            "monitoring": false,
            "network_interface": [],
            "outpost_arn": "",
            "password_data": "",
            "placement_group": "",
            "placement_partition_number": 0,
            "primary_network_interface_id": "eni-0f50459e3db2291b6",
            "private_dns": "ip-172-31-43-72.ec2.internal",
            "private_dns_name_options": [
              {
                "enable_resource_name_dns_a_record": false,
                "enable_resource_name_dns_aaaa_record": false,
                "hostname_type": "ip-name"
              }
            ],
            "private_ip": "172.31.43.72",
            "public_dns": "ec2-54-145-92-56.compute-1.amazonaws.com",
            "public_ip": "54.145.92.56",
            "root_block_device": [
              {
                "delete_on_termination": true,
                "device_name": "/dev/xvda",
                "encrypted": false,
                "iops": 3000,
                "kms_key_id": "",
                "tags": {},
                "tags_all": {},
                "throughput": 125,
                "volume_id": "vol-0370cd3357b0c0356",
                "volume_size": 8,
                "volume_type": "gp3"
              }
            ],
            "secondary_private_ips": [],
            "security_groups": [
              "nginx-server-test-sg"
            ],
            "source_dest_check": true,
            "spot_instance_request_id": "",
            "subnet_id": "subnet-03688640f03a78abd",
            "tags": {
              "Environment": "test",
              "Name": "nginx-server-test",
              "Owner": "ja.arizag@uniandes.edu.co",
              "Project": "Tesis",
              "Team": "Security"
            },
            "tags_all": {
              "Environment": "test",
              "Name": "nginx-server-test",
              "Owner": "ja.arizag@uniandes.edu.co",
              "Project": "Tesis",
              "Team": "Security"
            },
            "tenancy": "default",
            "timeouts": null,
            "user_data": "8e76099f5163b91277e0a8f96353b03b56a0b4dc",
            "user_data_base64": null,
            "user_data_replace_on_change": false,
            "volume_tags": null,
            "vpc_security_group_ids": [
              "sg-0d60b7fe80640181f"
            ]
          },
          "sensitive_attributes": [],
          "private": "eyJlMmJmYjczMC1lY2FhLTExZTYtOGY4OC0zNDM2M2JjN2M0YzAiOnsiY3JlYXRlIjo2MDAwMDAwMDAwMDAsImRlbGV0ZSI6MTIwMDAwMDAwMDAwMCwicmVhZCI6OTAwMDAwMDAwMDAwLCJ1cGRhdGUiOjYwMDAwMDAwMDAwMH0sInNjaGVtYV92ZXJzaW9uIjoiMSJ9",
          "dependencies": [
            "module.nginx_server_test.aws_key_pair.example-ssh",
            "module.nginx_server_test.aws_security_group.example-sg"
          ]
        }
      ]
    },
    {
      "module": "module.nginx_server_test",
      "mode": "managed",
      "type": "aws_key_pair",
      "name": "example-ssh",
      "provider": "module.nginx_server_test.provider[\"registry.terraform.io/hashicorp/aws\"]",
      "instances": [
        {
          "schema_version": 1,
          "attributes": {
            "arn": "arn:aws:ec2:us-east-1:575108961200:key-pair/nginx-server-test",
            "fingerprint": "42:bc:7b:e0:31:58:39:e5:4d:f6:9e:f1:49:f3:a4:55",
            "id": "nginx-server-test",
            "key_name": "nginx-server-test",
            "key_name_prefix": "",
            "key_pair_id": "key-0ff22f0b446987cab",
            "key_type": "rsa",
            "public_key": "ssh-rsa AAAAB3NzaC1yc2EAAAADAQABAAABAQDiwcXkC7KoOSdn17cjH+EgR26XYxlgDYNfsjJOqbTRgfwlQFA0WeKC9s09NFORkysNT7JGiFXVM0qCkQ6hLfIfEp3yCoHW1ZuTOeT1AFucRmd/xuWpED+u+0UaK/HsKLu4rE8PePABt1841SvLIm7Qr8n67oWtZCiBmUMZCM4gNdpCYAWssHZh82tYuhVJ2TxXX2XcjM1+3XSW82VawA6tiRHglF3ov4lLk0ypXUGdkrhBzxeVavbycx/Jr6fg5Z4R3PkSQI00q1l4tASlQgiNoI5apmxaKXG34B3lPUNSlopjqlSoW8YNU66HKNm8RF15G7EdAQG64Fxakr/IVEbL pc@DESKTOP-IB90627",
            "tags": {
              "Environment": "test",
              "Name": "nginx-server-test-ssh",
              "Owner": "ja.arizag@uniandes.edu.co",
              "Project": "Tesis",
              "Team": "Security"
            },
            "tags_all": {
              "Environment": "test",
              "Name": "nginx-server-test-ssh",
              "Owner": "ja.arizag@uniandes.edu.co",
              "Project": "Tesis",
              "Team": "Security"
            }
          },
          "sensitive_attributes": [],
          "private": "eyJzY2hlbWFfdmVyc2lvbiI6IjEifQ=="
        }
      ]
    },
    {
      "module": "module.nginx_server_test",
      "mode": "managed",
      "type": "aws_security_group",
      "name": "example-sg",
      "provider": "module.nginx_server_test.provider[\"registry.terraform.io/hashicorp/aws\"]",
      "instances": [
        {
          "schema_version": 1,
          "attributes": {
            "arn": "arn:aws:ec2:us-east-1:575108961200:security-group/sg-0d60b7fe80640181f",
            "description": "Security gruop allowing SSH and HTTP access",
            "egress": [
              {
                "cidr_blocks": [
                  "0.0.0.0/0"
                ],
                "description": "",
                "from_port": 0,
                "ipv6_cidr_blocks": [],
                "prefix_list_ids": [],
                "protocol": "-1",
                "security_groups": [],
                "self": false,
                "to_port": 0
              }
            ],
            "id": "sg-0d60b7fe80640181f",
            "ingress": [
              {
                "cidr_blocks": [
                  "0.0.0.0/0"
                ],
                "description": "",
                "from_port": 22,
                "ipv6_cidr_blocks": [],
                "prefix_list_ids": [],
                "protocol": "tcp",
                "security_groups": [],
                "self": false,
                "to_port": 22
              },
              {
                "cidr_blocks": [
                  "0.0.0.0/0"
                ],
                "description": "",
                "from_port": 80,
                "ipv6_cidr_blocks": [],
                "prefix_list_ids": [],
                "protocol": "tcp",
                "security_groups": [],
                "self": false,
                "to_port": 80
              }
            ],
            "name": "nginx-server-test-sg",
            "name_prefix": "",
            "owner_id": "575108961200",
            "revoke_rules_on_delete": false,
            "tags": {
              "Environment": "test",
              "Name": "nginx-server-test-sg",
              "Owner": "ja.arizag@uniandes.edu.co",
              "Project": "Tesis",
              "Team": "Security"
            },
            "tags_all": {
              "Environment": "test",
              "Name": "nginx-server-test-sg",
              "Owner": "ja.arizag@uniandes.edu.co",
              "Project": "Tesis",
              "Team": "Security"
            },
            "timeouts": null,
            "vpc_id": "vpc-0125d153d70ae33b5"
          },
          "sensitive_attributes": [],
          "private": "eyJlMmJmYjczMC1lY2FhLTExZTYtOGY4OC0zNDM2M2JjN2M0YzAiOnsiY3JlYXRlIjo2MDAwMDAwMDAwMDAsImRlbGV0ZSI6OTAwMDAwMDAwMDAwfSwic2NoZW1hX3ZlcnNpb24iOiIxIn0="
        }
      ]
    }
  ],
  "check_results": null
}
