{
  "version": 4,
  "terraform_version": "1.9.5",
  "serial": 534,
  "lineage": "2af2a0f6-b8da-134f-91cd-2fc7358e01fe",
  "outputs": {
    "default_ip": {
      "value": [
        "3.87.179.254",
        "3.94.126.37",
        "54.198.193.242"
      ],
      "type": [
        "tuple",
        [
          "string",
          "string",
          "string"
        ]
      ]
    }
  },
  "resources": [
    {
      "module": "module.default",
      "mode": "data",
      "type": "template_file",
      "name": "init_script",
      "provider": "provider[\"registry.terraform.io/hashicorp/template\"]",
      "instances": [
        {
          "index_key": 0,
          "schema_version": 0,
          "attributes": {
            "filename": null,
            "id": "73d0c6943197902f9f663ef650bcfe8c329536d6749383ad5f22e3db15a0959f",
            "rendered": "#!/bin/bash\r\nsudo apt-get update\r\nsudo apt-get install -y ca-certificates curl\r\nsudo install -m 0755 -d /etc/apt/keyrings\r\nsudo curl -fsSL https://download.docker.com/linux/ubuntu/gpg -o /etc/apt/keyrings/docker.asc\r\nsudo chmod a+r /etc/apt/keyrings/docker.asc\r\n\r\necho \\\r\n  \"deb [arch=$(dpkg --print-architecture) signed-by=/etc/apt/keyrings/docker.asc] https://download.docker.com/linux/ubuntu \\\r\n  $(. /etc/os-release \u0026\u0026 echo \"$VERSION_CODENAME\") stable\" | \\\r\n  sudo tee /etc/apt/sources.list.d/docker.list \u003e /dev/null\r\nsudo apt-get update\r\nsudo apt-get -y install docker-ce docker-ce-cli containerd.io docker-buildx-plugin docker-compose-plugin\r\nsudo apt-get -y install git\r\ngit clone https://github.com/JuanAriza17/Docker-Tesis.git\r\ncd /Docker-Tesis/default/\r\nsudo docker compose up -d\r\n",
            "template": "#!/bin/bash\r\nsudo apt-get update\r\nsudo apt-get install -y ca-certificates curl\r\nsudo install -m 0755 -d /etc/apt/keyrings\r\nsudo curl -fsSL https://download.docker.com/linux/ubuntu/gpg -o /etc/apt/keyrings/docker.asc\r\nsudo chmod a+r /etc/apt/keyrings/docker.asc\r\n\r\necho \\\r\n  \"deb [arch=$(dpkg --print-architecture) signed-by=/etc/apt/keyrings/docker.asc] https://download.docker.com/linux/ubuntu \\\r\n  $(. /etc/os-release \u0026\u0026 echo \"$VERSION_CODENAME\") stable\" | \\\r\n  sudo tee /etc/apt/sources.list.d/docker.list \u003e /dev/null\r\nsudo apt-get update\r\nsudo apt-get -y install docker-ce docker-ce-cli containerd.io docker-buildx-plugin docker-compose-plugin\r\nsudo apt-get -y install git\r\ngit clone https://github.com/JuanAriza17/Docker-Tesis.git\r\ncd /Docker-Tesis/${curso}/\r\nsudo docker compose up -d\r\n",
            "vars": {
              "curso": "default"
            }
          },
          "sensitive_attributes": []
        },
        {
          "index_key": 1,
          "schema_version": 0,
          "attributes": {
            "filename": null,
            "id": "a4b22b6622ba43c7bd0412ed5f232aff63ff62a90a79e9b67450b77825c8982c",
            "rendered": "#!/bin/bash\r\nsudo apt-get update\r\nsudo apt-get install -y ca-certificates curl\r\nsudo install -m 0755 -d /etc/apt/keyrings\r\nsudo curl -fsSL https://download.docker.com/linux/ubuntu/gpg -o /etc/apt/keyrings/docker.asc\r\nsudo chmod a+r /etc/apt/keyrings/docker.asc\r\n\r\necho \\\r\n  \"deb [arch=$(dpkg --print-architecture) signed-by=/etc/apt/keyrings/docker.asc] https://download.docker.com/linux/ubuntu \\\r\n  $(. /etc/os-release \u0026\u0026 echo \"$VERSION_CODENAME\") stable\" | \\\r\n  sudo tee /etc/apt/sources.list.d/docker.list \u003e /dev/null\r\nsudo apt-get update\r\nsudo apt-get -y install docker-ce docker-ce-cli containerd.io docker-buildx-plugin docker-compose-plugin\r\nsudo apt-get -y install git\r\ngit clone https://github.com/JuanAriza17/Docker-Tesis.git\r\ncd /Docker-Tesis/sql_injection_1/\r\nsudo docker compose up -d\r\n",
            "template": "#!/bin/bash\r\nsudo apt-get update\r\nsudo apt-get install -y ca-certificates curl\r\nsudo install -m 0755 -d /etc/apt/keyrings\r\nsudo curl -fsSL https://download.docker.com/linux/ubuntu/gpg -o /etc/apt/keyrings/docker.asc\r\nsudo chmod a+r /etc/apt/keyrings/docker.asc\r\n\r\necho \\\r\n  \"deb [arch=$(dpkg --print-architecture) signed-by=/etc/apt/keyrings/docker.asc] https://download.docker.com/linux/ubuntu \\\r\n  $(. /etc/os-release \u0026\u0026 echo \"$VERSION_CODENAME\") stable\" | \\\r\n  sudo tee /etc/apt/sources.list.d/docker.list \u003e /dev/null\r\nsudo apt-get update\r\nsudo apt-get -y install docker-ce docker-ce-cli containerd.io docker-buildx-plugin docker-compose-plugin\r\nsudo apt-get -y install git\r\ngit clone https://github.com/JuanAriza17/Docker-Tesis.git\r\ncd /Docker-Tesis/${curso}/\r\nsudo docker compose up -d\r\n",
            "vars": {
              "curso": "sql_injection_1"
            }
          },
          "sensitive_attributes": []
        },
        {
          "index_key": 2,
          "schema_version": 0,
          "attributes": {
            "filename": null,
            "id": "65ff7c2eb4048ca659df8f1b18374b3b58d817c1b8797d1848a85b03606bd97b",
            "rendered": "#!/bin/bash\r\nsudo apt-get update\r\nsudo apt-get install -y ca-certificates curl\r\nsudo install -m 0755 -d /etc/apt/keyrings\r\nsudo curl -fsSL https://download.docker.com/linux/ubuntu/gpg -o /etc/apt/keyrings/docker.asc\r\nsudo chmod a+r /etc/apt/keyrings/docker.asc\r\n\r\necho \\\r\n  \"deb [arch=$(dpkg --print-architecture) signed-by=/etc/apt/keyrings/docker.asc] https://download.docker.com/linux/ubuntu \\\r\n  $(. /etc/os-release \u0026\u0026 echo \"$VERSION_CODENAME\") stable\" | \\\r\n  sudo tee /etc/apt/sources.list.d/docker.list \u003e /dev/null\r\nsudo apt-get update\r\nsudo apt-get -y install docker-ce docker-ce-cli containerd.io docker-buildx-plugin docker-compose-plugin\r\nsudo apt-get -y install git\r\ngit clone https://github.com/JuanAriza17/Docker-Tesis.git\r\ncd /Docker-Tesis/sql_injection_2/\r\nsudo docker compose up -d\r\n",
            "template": "#!/bin/bash\r\nsudo apt-get update\r\nsudo apt-get install -y ca-certificates curl\r\nsudo install -m 0755 -d /etc/apt/keyrings\r\nsudo curl -fsSL https://download.docker.com/linux/ubuntu/gpg -o /etc/apt/keyrings/docker.asc\r\nsudo chmod a+r /etc/apt/keyrings/docker.asc\r\n\r\necho \\\r\n  \"deb [arch=$(dpkg --print-architecture) signed-by=/etc/apt/keyrings/docker.asc] https://download.docker.com/linux/ubuntu \\\r\n  $(. /etc/os-release \u0026\u0026 echo \"$VERSION_CODENAME\") stable\" | \\\r\n  sudo tee /etc/apt/sources.list.d/docker.list \u003e /dev/null\r\nsudo apt-get update\r\nsudo apt-get -y install docker-ce docker-ce-cli containerd.io docker-buildx-plugin docker-compose-plugin\r\nsudo apt-get -y install git\r\ngit clone https://github.com/JuanAriza17/Docker-Tesis.git\r\ncd /Docker-Tesis/${curso}/\r\nsudo docker compose up -d\r\n",
            "vars": {
              "curso": "sql_injection_2"
            }
          },
          "sensitive_attributes": []
        }
      ]
    },
    {
      "module": "module.default",
      "mode": "managed",
      "type": "aws_instance",
      "name": "example",
      "provider": "provider[\"registry.terraform.io/hashicorp/aws\"]",
      "instances": [
        {
          "index_key": 0,
          "schema_version": 1,
          "attributes": {
            "ami": "ami-0e86e20dae9224db8",
            "arn": "arn:aws:ec2:us-east-1:575108961200:instance/i-0a45cccda00a74f6c",
            "associate_public_ip_address": true,
            "availability_zone": "us-east-1d",
            "capacity_reservation_specification": [
              {
                "capacity_reservation_preference": "open",
                "capacity_reservation_target": []
              }
            ],
            "cpu_core_count": 1,
            "cpu_options": [
              {
                "amd_sev_snp": "",
                "core_count": 1,
                "threads_per_core": 1
              }
            ],
            "cpu_threads_per_core": 1,
            "credit_specification": [
              {
                "cpu_credits": "standard"
              }
            ],
            "disable_api_stop": false,
            "disable_api_termination": false,
            "ebs_block_device": [],
            "ebs_optimized": false,
            "enclave_options": [
              {
                "enabled": false
              }
            ],
            "ephemeral_block_device": [],
            "get_password_data": false,
            "hibernation": false,
            "host_id": "",
            "host_resource_group_arn": null,
            "iam_instance_profile": "",
            "id": "i-0a45cccda00a74f6c",
            "instance_initiated_shutdown_behavior": "stop",
            "instance_lifecycle": "",
            "instance_market_options": [],
            "instance_state": "running",
            "instance_type": "t2.micro",
            "ipv6_address_count": 0,
            "ipv6_addresses": [],
            "key_name": "default-0",
            "launch_template": [],
            "maintenance_options": [
              {
                "auto_recovery": "default"
              }
            ],
            "metadata_options": [
              {
                "http_endpoint": "enabled",
                "http_protocol_ipv6": "disabled",
                "http_put_response_hop_limit": 2,
                "http_tokens": "required",
                "instance_metadata_tags": "disabled"
              }
            ],
            "monitoring": false,
            "network_interface": [],
            "outpost_arn": "",
            "password_data": "",
            "placement_group": "",
            "placement_partition_number": 0,
            "primary_network_interface_id": "eni-07c6f96f10d6fc849",
            "private_dns": "ip-172-31-40-1.ec2.internal",
            "private_dns_name_options": [
              {
                "enable_resource_name_dns_a_record": false,
                "enable_resource_name_dns_aaaa_record": false,
                "hostname_type": "ip-name"
              }
            ],
            "private_ip": "172.31.40.1",
            "public_dns": "ec2-3-87-179-254.compute-1.amazonaws.com",
            "public_ip": "3.87.179.254",
            "root_block_device": [
              {
                "delete_on_termination": true,
                "device_name": "/dev/sda1",
                "encrypted": false,
                "iops": 3000,
                "kms_key_id": "",
                "tags": {},
                "tags_all": {},
                "throughput": 125,
                "volume_id": "vol-09f304a68541b0df3",
                "volume_size": 8,
                "volume_type": "gp3"
              }
            ],
            "secondary_private_ips": [],
            "security_groups": [
              "default-0-sg"
            ],
            "source_dest_check": true,
            "spot_instance_request_id": "",
            "subnet_id": "subnet-03688640f03a78abd",
            "tags": {
              "Environment": "dev",
              "Name": "default-0",
              "Owner": "ja.arizag@uniandes.edu.co",
              "Project": "Tesis",
              "Team": "Security"
            },
            "tags_all": {
              "Environment": "dev",
              "Name": "default-0",
              "Owner": "ja.arizag@uniandes.edu.co",
              "Project": "Tesis",
              "Team": "Security"
            },
            "tenancy": "default",
            "timeouts": null,
            "user_data": "0b3714ff907c8ed056617bd965bbaba123daa853",
            "user_data_base64": null,
            "user_data_replace_on_change": false,
            "volume_tags": null,
            "vpc_security_group_ids": [
              "sg-0f888ed1933ee21c7"
            ]
          },
          "sensitive_attributes": [],
          "private": "eyJlMmJmYjczMC1lY2FhLTExZTYtOGY4OC0zNDM2M2JjN2M0YzAiOnsiY3JlYXRlIjo2MDAwMDAwMDAwMDAsImRlbGV0ZSI6MTIwMDAwMDAwMDAwMCwicmVhZCI6OTAwMDAwMDAwMDAwLCJ1cGRhdGUiOjYwMDAwMDAwMDAwMH0sInNjaGVtYV92ZXJzaW9uIjoiMSJ9",
          "dependencies": [
            "module.default.aws_key_pair.example-ssh",
            "module.default.aws_security_group.example-sg",
            "module.default.data.template_file.init_script"
          ]
        },
        {
          "index_key": 1,
          "schema_version": 1,
          "attributes": {
            "ami": "ami-0e86e20dae9224db8",
            "arn": "arn:aws:ec2:us-east-1:575108961200:instance/i-0b47da40fff1c035c",
            "associate_public_ip_address": true,
            "availability_zone": "us-east-1d",
            "capacity_reservation_specification": [
              {
                "capacity_reservation_preference": "open",
                "capacity_reservation_target": []
              }
            ],
            "cpu_core_count": 1,
            "cpu_options": [
              {
                "amd_sev_snp": "",
                "core_count": 1,
                "threads_per_core": 1
              }
            ],
            "cpu_threads_per_core": 1,
            "credit_specification": [
              {
                "cpu_credits": "standard"
              }
            ],
            "disable_api_stop": false,
            "disable_api_termination": false,
            "ebs_block_device": [],
            "ebs_optimized": false,
            "enclave_options": [
              {
                "enabled": false
              }
            ],
            "ephemeral_block_device": [],
            "get_password_data": false,
            "hibernation": false,
            "host_id": "",
            "host_resource_group_arn": null,
            "iam_instance_profile": "",
            "id": "i-0b47da40fff1c035c",
            "instance_initiated_shutdown_behavior": "stop",
            "instance_lifecycle": "",
            "instance_market_options": [],
            "instance_state": "running",
            "instance_type": "t2.micro",
            "ipv6_address_count": 0,
            "ipv6_addresses": [],
            "key_name": "default-1",
            "launch_template": [],
            "maintenance_options": [
              {
                "auto_recovery": "default"
              }
            ],
            "metadata_options": [
              {
                "http_endpoint": "enabled",
                "http_protocol_ipv6": "disabled",
                "http_put_response_hop_limit": 2,
                "http_tokens": "required",
                "instance_metadata_tags": "disabled"
              }
            ],
            "monitoring": false,
            "network_interface": [],
            "outpost_arn": "",
            "password_data": "",
            "placement_group": "",
            "placement_partition_number": 0,
            "primary_network_interface_id": "eni-0cafd7b8f939b8157",
            "private_dns": "ip-172-31-43-3.ec2.internal",
            "private_dns_name_options": [
              {
                "enable_resource_name_dns_a_record": false,
                "enable_resource_name_dns_aaaa_record": false,
                "hostname_type": "ip-name"
              }
            ],
            "private_ip": "172.31.43.3",
            "public_dns": "ec2-3-94-126-37.compute-1.amazonaws.com",
            "public_ip": "3.94.126.37",
            "root_block_device": [
              {
                "delete_on_termination": true,
                "device_name": "/dev/sda1",
                "encrypted": false,
                "iops": 3000,
                "kms_key_id": "",
                "tags": {},
                "tags_all": {},
                "throughput": 125,
                "volume_id": "vol-0cbd63aa91346f4b5",
                "volume_size": 8,
                "volume_type": "gp3"
              }
            ],
            "secondary_private_ips": [],
            "security_groups": [
              "default-1-sg"
            ],
            "source_dest_check": true,
            "spot_instance_request_id": "",
            "subnet_id": "subnet-03688640f03a78abd",
            "tags": {
              "Environment": "dev",
              "Name": "default-1",
              "Owner": "ja.arizag@uniandes.edu.co",
              "Project": "Tesis",
              "Team": "Security"
            },
            "tags_all": {
              "Environment": "dev",
              "Name": "default-1",
              "Owner": "ja.arizag@uniandes.edu.co",
              "Project": "Tesis",
              "Team": "Security"
            },
            "tenancy": "default",
            "timeouts": null,
            "user_data": "c6512fdfeec5f7e59f895e3821b309aa9913fcb8",
            "user_data_base64": null,
            "user_data_replace_on_change": false,
            "volume_tags": null,
            "vpc_security_group_ids": [
              "sg-04eae80281a2e2551"
            ]
          },
          "sensitive_attributes": [],
          "private": "eyJlMmJmYjczMC1lY2FhLTExZTYtOGY4OC0zNDM2M2JjN2M0YzAiOnsiY3JlYXRlIjo2MDAwMDAwMDAwMDAsImRlbGV0ZSI6MTIwMDAwMDAwMDAwMCwicmVhZCI6OTAwMDAwMDAwMDAwLCJ1cGRhdGUiOjYwMDAwMDAwMDAwMH0sInNjaGVtYV92ZXJzaW9uIjoiMSJ9",
          "dependencies": [
            "module.default.aws_key_pair.example-ssh",
            "module.default.aws_security_group.example-sg",
            "module.default.data.template_file.init_script"
          ]
        },
        {
          "index_key": 2,
          "schema_version": 1,
          "attributes": {
            "ami": "ami-0e86e20dae9224db8",
            "arn": "arn:aws:ec2:us-east-1:575108961200:instance/i-056011868e2e679e6",
            "associate_public_ip_address": true,
            "availability_zone": "us-east-1d",
            "capacity_reservation_specification": [
              {
                "capacity_reservation_preference": "open",
                "capacity_reservation_target": []
              }
            ],
            "cpu_core_count": 1,
            "cpu_options": [
              {
                "amd_sev_snp": "",
                "core_count": 1,
                "threads_per_core": 1
              }
            ],
            "cpu_threads_per_core": 1,
            "credit_specification": [
              {
                "cpu_credits": "standard"
              }
            ],
            "disable_api_stop": false,
            "disable_api_termination": false,
            "ebs_block_device": [],
            "ebs_optimized": false,
            "enclave_options": [
              {
                "enabled": false
              }
            ],
            "ephemeral_block_device": [],
            "get_password_data": false,
            "hibernation": false,
            "host_id": "",
            "host_resource_group_arn": null,
            "iam_instance_profile": "",
            "id": "i-056011868e2e679e6",
            "instance_initiated_shutdown_behavior": "stop",
            "instance_lifecycle": "",
            "instance_market_options": [],
            "instance_state": "running",
            "instance_type": "t2.micro",
            "ipv6_address_count": 0,
            "ipv6_addresses": [],
            "key_name": "default-2",
            "launch_template": [],
            "maintenance_options": [
              {
                "auto_recovery": "default"
              }
            ],
            "metadata_options": [
              {
                "http_endpoint": "enabled",
                "http_protocol_ipv6": "disabled",
                "http_put_response_hop_limit": 2,
                "http_tokens": "required",
                "instance_metadata_tags": "disabled"
              }
            ],
            "monitoring": false,
            "network_interface": [],
            "outpost_arn": "",
            "password_data": "",
            "placement_group": "",
            "placement_partition_number": 0,
            "primary_network_interface_id": "eni-0e0ab6f1feba9bb0a",
            "private_dns": "ip-172-31-36-142.ec2.internal",
            "private_dns_name_options": [
              {
                "enable_resource_name_dns_a_record": false,
                "enable_resource_name_dns_aaaa_record": false,
                "hostname_type": "ip-name"
              }
            ],
            "private_ip": "172.31.36.142",
            "public_dns": "ec2-54-198-193-242.compute-1.amazonaws.com",
            "public_ip": "54.198.193.242",
            "root_block_device": [
              {
                "delete_on_termination": true,
                "device_name": "/dev/sda1",
                "encrypted": false,
                "iops": 3000,
                "kms_key_id": "",
                "tags": {},
                "tags_all": {},
                "throughput": 125,
                "volume_id": "vol-0ba1dbc339eceb6ed",
                "volume_size": 8,
                "volume_type": "gp3"
              }
            ],
            "secondary_private_ips": [],
            "security_groups": [
              "default-2-sg"
            ],
            "source_dest_check": true,
            "spot_instance_request_id": "",
            "subnet_id": "subnet-03688640f03a78abd",
            "tags": {
              "Environment": "dev",
              "Name": "default-2",
              "Owner": "ja.arizag@uniandes.edu.co",
              "Project": "Tesis",
              "Team": "Security"
            },
            "tags_all": {
              "Environment": "dev",
              "Name": "default-2",
              "Owner": "ja.arizag@uniandes.edu.co",
              "Project": "Tesis",
              "Team": "Security"
            },
            "tenancy": "default",
            "timeouts": null,
            "user_data": "ddb3e068691656ca4f6d4036c94a034f44493b71",
            "user_data_base64": null,
            "user_data_replace_on_change": false,
            "volume_tags": null,
            "vpc_security_group_ids": [
              "sg-0d5ebdcff3b6a9106"
            ]
          },
          "sensitive_attributes": [],
          "private": "eyJlMmJmYjczMC1lY2FhLTExZTYtOGY4OC0zNDM2M2JjN2M0YzAiOnsiY3JlYXRlIjo2MDAwMDAwMDAwMDAsImRlbGV0ZSI6MTIwMDAwMDAwMDAwMCwicmVhZCI6OTAwMDAwMDAwMDAwLCJ1cGRhdGUiOjYwMDAwMDAwMDAwMH0sInNjaGVtYV92ZXJzaW9uIjoiMSJ9",
          "dependencies": [
            "module.default.aws_key_pair.example-ssh",
            "module.default.aws_security_group.example-sg",
            "module.default.data.template_file.init_script"
          ]
        }
      ]
    },
    {
      "module": "module.default",
      "mode": "managed",
      "type": "aws_key_pair",
      "name": "example-ssh",
      "provider": "provider[\"registry.terraform.io/hashicorp/aws\"]",
      "instances": [
        {
          "index_key": 0,
          "schema_version": 1,
          "attributes": {
            "arn": "arn:aws:ec2:us-east-1:575108961200:key-pair/default-0",
            "fingerprint": "ff:d9:b3:0a:3e:df:4f:0a:1c:d3:63:62:3a:f4:a9:ef",
            "id": "default-0",
            "key_name": "default-0",
            "key_name_prefix": "",
            "key_pair_id": "key-0224026a3611ca7ce",
            "key_type": "rsa",
            "public_key": "ssh-rsa AAAAB3NzaC1yc2EAAAADAQABAAABAQDEHky+pAdsDBjUpKheGgEIvzSBL4c6zW1yn3Rw4dBibOeeVH4P1dQCk9WOOR2dcOF5mKDWYhBFI71WJ1nmuroE4HZq04qzml+e6elQm9QJ+nhv86jIPDj0cgy2LBqM5qY3mccyjIUksHpPqpgYWhVTWYYEpC3rWGlK51Qj9yxXI3EjJGDh3Ll1ndBXXHA+dA53hVXfUo6IYclVnjCHSrl4H+1G6ugdgsvzlnU+tiUPXqhFeb2mf189H80OaSpHVaI14uAdfswLMnK+L6JYKSiVB9Cb5r44qEtuNyllUfYyQHcUIxYF5pRbeIqOxmon9/ZYiYHIK+YTN+zkWK82viuB juana@DESKTOP-8AFI2QI",
            "tags": {
              "Environment": "dev",
              "Name": "default-0-ssh",
              "Owner": "ja.arizag@uniandes.edu.co",
              "Project": "Tesis",
              "Team": "Security"
            },
            "tags_all": {
              "Environment": "dev",
              "Name": "default-0-ssh",
              "Owner": "ja.arizag@uniandes.edu.co",
              "Project": "Tesis",
              "Team": "Security"
            }
          },
          "sensitive_attributes": [],
          "private": "eyJzY2hlbWFfdmVyc2lvbiI6IjEifQ=="
        },
        {
          "index_key": 1,
          "schema_version": 1,
          "attributes": {
            "arn": "arn:aws:ec2:us-east-1:575108961200:key-pair/default-1",
            "fingerprint": "ff:d9:b3:0a:3e:df:4f:0a:1c:d3:63:62:3a:f4:a9:ef",
            "id": "default-1",
            "key_name": "default-1",
            "key_name_prefix": "",
            "key_pair_id": "key-054cee475ca3f41ef",
            "key_type": "rsa",
            "public_key": "ssh-rsa AAAAB3NzaC1yc2EAAAADAQABAAABAQDEHky+pAdsDBjUpKheGgEIvzSBL4c6zW1yn3Rw4dBibOeeVH4P1dQCk9WOOR2dcOF5mKDWYhBFI71WJ1nmuroE4HZq04qzml+e6elQm9QJ+nhv86jIPDj0cgy2LBqM5qY3mccyjIUksHpPqpgYWhVTWYYEpC3rWGlK51Qj9yxXI3EjJGDh3Ll1ndBXXHA+dA53hVXfUo6IYclVnjCHSrl4H+1G6ugdgsvzlnU+tiUPXqhFeb2mf189H80OaSpHVaI14uAdfswLMnK+L6JYKSiVB9Cb5r44qEtuNyllUfYyQHcUIxYF5pRbeIqOxmon9/ZYiYHIK+YTN+zkWK82viuB juana@DESKTOP-8AFI2QI",
            "tags": {
              "Environment": "dev",
              "Name": "default-1-ssh",
              "Owner": "ja.arizag@uniandes.edu.co",
              "Project": "Tesis",
              "Team": "Security"
            },
            "tags_all": {
              "Environment": "dev",
              "Name": "default-1-ssh",
              "Owner": "ja.arizag@uniandes.edu.co",
              "Project": "Tesis",
              "Team": "Security"
            }
          },
          "sensitive_attributes": [],
          "private": "eyJzY2hlbWFfdmVyc2lvbiI6IjEifQ=="
        },
        {
          "index_key": 2,
          "schema_version": 1,
          "attributes": {
            "arn": "arn:aws:ec2:us-east-1:575108961200:key-pair/default-2",
            "fingerprint": "ff:d9:b3:0a:3e:df:4f:0a:1c:d3:63:62:3a:f4:a9:ef",
            "id": "default-2",
            "key_name": "default-2",
            "key_name_prefix": "",
            "key_pair_id": "key-066fb088f152d3dbd",
            "key_type": "rsa",
            "public_key": "ssh-rsa AAAAB3NzaC1yc2EAAAADAQABAAABAQDEHky+pAdsDBjUpKheGgEIvzSBL4c6zW1yn3Rw4dBibOeeVH4P1dQCk9WOOR2dcOF5mKDWYhBFI71WJ1nmuroE4HZq04qzml+e6elQm9QJ+nhv86jIPDj0cgy2LBqM5qY3mccyjIUksHpPqpgYWhVTWYYEpC3rWGlK51Qj9yxXI3EjJGDh3Ll1ndBXXHA+dA53hVXfUo6IYclVnjCHSrl4H+1G6ugdgsvzlnU+tiUPXqhFeb2mf189H80OaSpHVaI14uAdfswLMnK+L6JYKSiVB9Cb5r44qEtuNyllUfYyQHcUIxYF5pRbeIqOxmon9/ZYiYHIK+YTN+zkWK82viuB juana@DESKTOP-8AFI2QI",
            "tags": {
              "Environment": "dev",
              "Name": "default-2-ssh",
              "Owner": "ja.arizag@uniandes.edu.co",
              "Project": "Tesis",
              "Team": "Security"
            },
            "tags_all": {
              "Environment": "dev",
              "Name": "default-2-ssh",
              "Owner": "ja.arizag@uniandes.edu.co",
              "Project": "Tesis",
              "Team": "Security"
            }
          },
          "sensitive_attributes": [],
          "private": "eyJzY2hlbWFfdmVyc2lvbiI6IjEifQ=="
        }
      ]
    },
    {
      "module": "module.default",
      "mode": "managed",
      "type": "aws_security_group",
      "name": "example-sg",
      "provider": "provider[\"registry.terraform.io/hashicorp/aws\"]",
      "instances": [
        {
          "index_key": 0,
          "schema_version": 1,
          "attributes": {
            "arn": "arn:aws:ec2:us-east-1:575108961200:security-group/sg-0f888ed1933ee21c7",
            "description": "Security gruop allowing SSH and HTTP access",
            "egress": [
              {
                "cidr_blocks": [
                  "0.0.0.0/0"
                ],
                "description": "",
                "from_port": 0,
                "ipv6_cidr_blocks": [],
                "prefix_list_ids": [],
                "protocol": "-1",
                "security_groups": [],
                "self": false,
                "to_port": 0
              }
            ],
            "id": "sg-0f888ed1933ee21c7",
            "ingress": [
              {
                "cidr_blocks": [
                  "0.0.0.0/0"
                ],
                "description": "",
                "from_port": 22,
                "ipv6_cidr_blocks": [],
                "prefix_list_ids": [],
                "protocol": "tcp",
                "security_groups": [],
                "self": false,
                "to_port": 22
              },
              {
                "cidr_blocks": [
                  "0.0.0.0/0"
                ],
                "description": "",
                "from_port": 80,
                "ipv6_cidr_blocks": [],
                "prefix_list_ids": [],
                "protocol": "tcp",
                "security_groups": [],
                "self": false,
                "to_port": 80
              }
            ],
            "name": "default-0-sg",
            "name_prefix": "",
            "owner_id": "575108961200",
            "revoke_rules_on_delete": false,
            "tags": {
              "Environment": "dev",
              "Name": "default-0-sg",
              "Owner": "ja.arizag@uniandes.edu.co",
              "Project": "Tesis",
              "Team": "Security"
            },
            "tags_all": {
              "Environment": "dev",
              "Name": "default-0-sg",
              "Owner": "ja.arizag@uniandes.edu.co",
              "Project": "Tesis",
              "Team": "Security"
            },
            "timeouts": null,
            "vpc_id": "vpc-0125d153d70ae33b5"
          },
          "sensitive_attributes": [],
          "private": "eyJlMmJmYjczMC1lY2FhLTExZTYtOGY4OC0zNDM2M2JjN2M0YzAiOnsiY3JlYXRlIjo2MDAwMDAwMDAwMDAsImRlbGV0ZSI6OTAwMDAwMDAwMDAwfSwic2NoZW1hX3ZlcnNpb24iOiIxIn0="
        },
        {
          "index_key": 1,
          "schema_version": 1,
          "attributes": {
            "arn": "arn:aws:ec2:us-east-1:575108961200:security-group/sg-04eae80281a2e2551",
            "description": "Security gruop allowing SSH and HTTP access",
            "egress": [
              {
                "cidr_blocks": [
                  "0.0.0.0/0"
                ],
                "description": "",
                "from_port": 0,
                "ipv6_cidr_blocks": [],
                "prefix_list_ids": [],
                "protocol": "-1",
                "security_groups": [],
                "self": false,
                "to_port": 0
              }
            ],
            "id": "sg-04eae80281a2e2551",
            "ingress": [
              {
                "cidr_blocks": [
                  "0.0.0.0/0"
                ],
                "description": "",
                "from_port": 22,
                "ipv6_cidr_blocks": [],
                "prefix_list_ids": [],
                "protocol": "tcp",
                "security_groups": [],
                "self": false,
                "to_port": 22
              },
              {
                "cidr_blocks": [
                  "0.0.0.0/0"
                ],
                "description": "",
                "from_port": 80,
                "ipv6_cidr_blocks": [],
                "prefix_list_ids": [],
                "protocol": "tcp",
                "security_groups": [],
                "self": false,
                "to_port": 80
              }
            ],
            "name": "default-1-sg",
            "name_prefix": "",
            "owner_id": "575108961200",
            "revoke_rules_on_delete": false,
            "tags": {
              "Environment": "dev",
              "Name": "default-1-sg",
              "Owner": "ja.arizag@uniandes.edu.co",
              "Project": "Tesis",
              "Team": "Security"
            },
            "tags_all": {
              "Environment": "dev",
              "Name": "default-1-sg",
              "Owner": "ja.arizag@uniandes.edu.co",
              "Project": "Tesis",
              "Team": "Security"
            },
            "timeouts": null,
            "vpc_id": "vpc-0125d153d70ae33b5"
          },
          "sensitive_attributes": [],
          "private": "eyJlMmJmYjczMC1lY2FhLTExZTYtOGY4OC0zNDM2M2JjN2M0YzAiOnsiY3JlYXRlIjo2MDAwMDAwMDAwMDAsImRlbGV0ZSI6OTAwMDAwMDAwMDAwfSwic2NoZW1hX3ZlcnNpb24iOiIxIn0="
        },
        {
          "index_key": 2,
          "schema_version": 1,
          "attributes": {
            "arn": "arn:aws:ec2:us-east-1:575108961200:security-group/sg-0d5ebdcff3b6a9106",
            "description": "Security gruop allowing SSH and HTTP access",
            "egress": [
              {
                "cidr_blocks": [
                  "0.0.0.0/0"
                ],
                "description": "",
                "from_port": 0,
                "ipv6_cidr_blocks": [],
                "prefix_list_ids": [],
                "protocol": "-1",
                "security_groups": [],
                "self": false,
                "to_port": 0
              }
            ],
            "id": "sg-0d5ebdcff3b6a9106",
            "ingress": [
              {
                "cidr_blocks": [
                  "0.0.0.0/0"
                ],
                "description": "",
                "from_port": 22,
                "ipv6_cidr_blocks": [],
                "prefix_list_ids": [],
                "protocol": "tcp",
                "security_groups": [],
                "self": false,
                "to_port": 22
              },
              {
                "cidr_blocks": [
                  "0.0.0.0/0"
                ],
                "description": "",
                "from_port": 80,
                "ipv6_cidr_blocks": [],
                "prefix_list_ids": [],
                "protocol": "tcp",
                "security_groups": [],
                "self": false,
                "to_port": 80
              }
            ],
            "name": "default-2-sg",
            "name_prefix": "",
            "owner_id": "575108961200",
            "revoke_rules_on_delete": false,
            "tags": {
              "Environment": "dev",
              "Name": "default-2-sg",
              "Owner": "ja.arizag@uniandes.edu.co",
              "Project": "Tesis",
              "Team": "Security"
            },
            "tags_all": {
              "Environment": "dev",
              "Name": "default-2-sg",
              "Owner": "ja.arizag@uniandes.edu.co",
              "Project": "Tesis",
              "Team": "Security"
            },
            "timeouts": null,
            "vpc_id": "vpc-0125d153d70ae33b5"
          },
          "sensitive_attributes": [],
          "private": "eyJlMmJmYjczMC1lY2FhLTExZTYtOGY4OC0zNDM2M2JjN2M0YzAiOnsiY3JlYXRlIjo2MDAwMDAwMDAwMDAsImRlbGV0ZSI6OTAwMDAwMDAwMDAwfSwic2NoZW1hX3ZlcnNpb24iOiIxIn0="
        }
      ]
    }
  ],
  "check_results": null
}
