{
  "version": 4,
  "terraform_version": "1.9.5",
  "serial": 912,
  "lineage": "2af2a0f6-b8da-134f-91cd-2fc7358e01fe",
  "outputs": {
    "default_ip": {
      "value": [
        "44.210.127.230"
      ],
      "type": [
        "tuple",
        [
          "string"
        ]
      ]
    }
  },
  "resources": [
    {
      "module": "module.default",
      "mode": "data",
      "type": "template_file",
      "name": "init_script",
      "provider": "provider[\"registry.terraform.io/hashicorp/template\"]",
      "instances": [
        {
          "index_key": 0,
          "schema_version": 0,
          "attributes": {
            "filename": null,
            "id": "86953f9c7862b1e58b45bfc56000779d65af898ac320839ca6bd71d3cbd128dc",
            "rendered": "#!/bin/bash\r\nsudo apt-get update\r\nsudo apt-get install -y ca-certificates curl\r\nsudo install -m 0755 -d /etc/apt/keyrings\r\nsudo curl -fsSL https://download.docker.com/linux/ubuntu/gpg -o /etc/apt/keyrings/docker.asc\r\nsudo chmod a+r /etc/apt/keyrings/docker.asc\r\n\r\necho \\\r\n  \"deb [arch=$(dpkg --print-architecture) signed-by=/etc/apt/keyrings/docker.asc] https://download.docker.com/linux/ubuntu \\\r\n  $(. /etc/os-release \u0026\u0026 echo \"$VERSION_CODENAME\") stable\" | \\\r\n  sudo tee /etc/apt/sources.list.d/docker.list \u003e /dev/null\r\nsudo apt-get update\r\nsudo apt-get -y install docker-ce docker-ce-cli containerd.io docker-buildx-plugin docker-compose-plugin\r\nsudo apt-get -y install git\r\ngit clone https://github.com/JuanAriza17/Docker-Tesis.git\r\ncd /Docker-Tesis/default/\r\necho \"FLAG=irxZOPdGfM8UqHNj\" \u003e .env\r\nsudo docker compose up -d\r\n",
            "template": "#!/bin/bash\r\nsudo apt-get update\r\nsudo apt-get install -y ca-certificates curl\r\nsudo install -m 0755 -d /etc/apt/keyrings\r\nsudo curl -fsSL https://download.docker.com/linux/ubuntu/gpg -o /etc/apt/keyrings/docker.asc\r\nsudo chmod a+r /etc/apt/keyrings/docker.asc\r\n\r\necho \\\r\n  \"deb [arch=$(dpkg --print-architecture) signed-by=/etc/apt/keyrings/docker.asc] https://download.docker.com/linux/ubuntu \\\r\n  $(. /etc/os-release \u0026\u0026 echo \"$VERSION_CODENAME\") stable\" | \\\r\n  sudo tee /etc/apt/sources.list.d/docker.list \u003e /dev/null\r\nsudo apt-get update\r\nsudo apt-get -y install docker-ce docker-ce-cli containerd.io docker-buildx-plugin docker-compose-plugin\r\nsudo apt-get -y install git\r\ngit clone https://github.com/JuanAriza17/Docker-Tesis.git\r\ncd /Docker-Tesis/${curso}/\r\necho \"FLAG=${flag}\" \u003e .env\r\nsudo docker compose up -d\r\n",
            "vars": {
              "curso": "default",
              "flag": "irxZOPdGfM8UqHNj"
            }
          },
          "sensitive_attributes": []
        }
      ]
    },
    {
      "module": "module.default",
      "mode": "managed",
      "type": "aws_instance",
      "name": "example",
      "provider": "provider[\"registry.terraform.io/hashicorp/aws\"]",
      "instances": [
        {
          "index_key": 0,
          "schema_version": 1,
          "attributes": {
            "ami": "ami-0e86e20dae9224db8",
            "arn": "arn:aws:ec2:us-east-1:575108961200:instance/i-0ad929134af265ee5",
            "associate_public_ip_address": true,
            "availability_zone": "us-east-1b",
            "capacity_reservation_specification": [
              {
                "capacity_reservation_preference": "open",
                "capacity_reservation_target": []
              }
            ],
            "cpu_core_count": 1,
            "cpu_options": [
              {
                "amd_sev_snp": "",
                "core_count": 1,
                "threads_per_core": 1
              }
            ],
            "cpu_threads_per_core": 1,
            "credit_specification": [
              {
                "cpu_credits": "standard"
              }
            ],
            "disable_api_stop": false,
            "disable_api_termination": false,
            "ebs_block_device": [],
            "ebs_optimized": false,
            "enclave_options": [
              {
                "enabled": false
              }
            ],
            "ephemeral_block_device": [],
            "get_password_data": false,
            "hibernation": false,
            "host_id": "",
            "host_resource_group_arn": null,
            "iam_instance_profile": "",
            "id": "i-0ad929134af265ee5",
            "instance_initiated_shutdown_behavior": "stop",
            "instance_lifecycle": "",
            "instance_market_options": [],
            "instance_state": "running",
            "instance_type": "t2.micro",
            "ipv6_address_count": 0,
            "ipv6_addresses": [],
            "key_name": "default-0",
            "launch_template": [],
            "maintenance_options": [
              {
                "auto_recovery": "default"
              }
            ],
            "metadata_options": [
              {
                "http_endpoint": "enabled",
                "http_protocol_ipv6": "disabled",
                "http_put_response_hop_limit": 2,
                "http_tokens": "required",
                "instance_metadata_tags": "disabled"
              }
            ],
            "monitoring": false,
            "network_interface": [],
            "outpost_arn": "",
            "password_data": "",
            "placement_group": "",
            "placement_partition_number": 0,
            "primary_network_interface_id": "eni-0947835e113e4e941",
            "private_dns": "ip-172-31-86-251.ec2.internal",
            "private_dns_name_options": [
              {
                "enable_resource_name_dns_a_record": false,
                "enable_resource_name_dns_aaaa_record": false,
                "hostname_type": "ip-name"
              }
            ],
            "private_ip": "172.31.86.251",
            "public_dns": "ec2-44-210-127-230.compute-1.amazonaws.com",
            "public_ip": "44.210.127.230",
            "root_block_device": [
              {
                "delete_on_termination": true,
                "device_name": "/dev/sda1",
                "encrypted": false,
                "iops": 3000,
                "kms_key_id": "",
                "tags": {},
                "tags_all": {},
                "throughput": 125,
                "volume_id": "vol-03e174f0857d7954f",
                "volume_size": 8,
                "volume_type": "gp3"
              }
            ],
            "secondary_private_ips": [],
            "security_groups": [
              "default-0-sg"
            ],
            "source_dest_check": true,
            "spot_instance_request_id": "",
            "subnet_id": "subnet-0019a486ad9e03a16",
            "tags": {
              "Environment": "dev",
              "Name": "default-0",
              "Owner": "ja.arizag@uniandes.edu.co",
              "Project": "Tesis",
              "Team": "Security"
            },
            "tags_all": {
              "Environment": "dev",
              "Name": "default-0",
              "Owner": "ja.arizag@uniandes.edu.co",
              "Project": "Tesis",
              "Team": "Security"
            },
            "tenancy": "default",
            "timeouts": null,
            "user_data": "7781b12ba8572ade2b1d7bdddc167daf208957e8",
            "user_data_base64": null,
            "user_data_replace_on_change": false,
            "volume_tags": null,
            "vpc_security_group_ids": [
              "sg-03f95d108ac2ed1e8"
            ]
          },
          "sensitive_attributes": [],
          "private": "eyJlMmJmYjczMC1lY2FhLTExZTYtOGY4OC0zNDM2M2JjN2M0YzAiOnsiY3JlYXRlIjo2MDAwMDAwMDAwMDAsImRlbGV0ZSI6MTIwMDAwMDAwMDAwMCwicmVhZCI6OTAwMDAwMDAwMDAwLCJ1cGRhdGUiOjYwMDAwMDAwMDAwMH0sInNjaGVtYV92ZXJzaW9uIjoiMSJ9",
          "dependencies": [
            "module.default.aws_key_pair.example-ssh",
            "module.default.aws_security_group.example-sg",
            "module.default.data.template_file.init_script"
          ]
        }
      ]
    },
    {
      "module": "module.default",
      "mode": "managed",
      "type": "aws_key_pair",
      "name": "example-ssh",
      "provider": "provider[\"registry.terraform.io/hashicorp/aws\"]",
      "instances": [
        {
          "index_key": 0,
          "schema_version": 1,
          "attributes": {
            "arn": "arn:aws:ec2:us-east-1:575108961200:key-pair/default-0",
            "fingerprint": "98:72:fd:10:57:82:3b:92:14:02:0c:7d:63:20:cb:70",
            "id": "default-0",
            "key_name": "default-0",
            "key_name_prefix": "",
            "key_pair_id": "key-02dd2a68448245d93",
            "key_type": "rsa",
            "public_key": "ssh-rsa AAAAB3NzaC1yc2EAAAADAQABAAABAQC1DNhSLPbbS5WF33s2LVbJ2BLlEWnX/SAwBinSyqEyaGL3txXXwxN7ZPH4VhWMlqmJLIzqweL3ohaGCq3/e2ZWPDNKIhVi4Oxd/ETnwO4VHdaDeAJ1lpZQrW4MMLqOTj+9+To7I/TxuhmRMPat3gumwMfM6iYR0qYZxRXUzO3wJb4iyaNikddKZEzS/uSi4vdtJoy0l+k7TMJLdlRlR0447ZcDGCZ30SZbsjiplwoNDQiEGcMWBZRITdhHr0GdQRVzHxPwZzB344veM9AlbDVVcRjadjYK8Gp6KxiAzYQ39z2SIyrwfyDmRjENTxUwbUm+9p+TTnWf7em26EpghINn pc@DESKTOP-IB90627",
            "tags": {
              "Environment": "dev",
              "Name": "default-0-ssh",
              "Owner": "ja.arizag@uniandes.edu.co",
              "Project": "Tesis",
              "Team": "Security"
            },
            "tags_all": {
              "Environment": "dev",
              "Name": "default-0-ssh",
              "Owner": "ja.arizag@uniandes.edu.co",
              "Project": "Tesis",
              "Team": "Security"
            }
          },
          "sensitive_attributes": [],
          "private": "eyJzY2hlbWFfdmVyc2lvbiI6IjEifQ=="
        }
      ]
    },
    {
      "module": "module.default",
      "mode": "managed",
      "type": "aws_security_group",
      "name": "example-sg",
      "provider": "provider[\"registry.terraform.io/hashicorp/aws\"]",
      "instances": [
        {
          "index_key": 0,
          "schema_version": 1,
          "attributes": {
            "arn": "arn:aws:ec2:us-east-1:575108961200:security-group/sg-03f95d108ac2ed1e8",
            "description": "Security gruop allowing SSH and HTTP access",
            "egress": [
              {
                "cidr_blocks": [
                  "0.0.0.0/0"
                ],
                "description": "",
                "from_port": 0,
                "ipv6_cidr_blocks": [],
                "prefix_list_ids": [],
                "protocol": "-1",
                "security_groups": [],
                "self": false,
                "to_port": 0
              }
            ],
            "id": "sg-03f95d108ac2ed1e8",
            "ingress": [
              {
                "cidr_blocks": [
                  "0.0.0.0/0"
                ],
                "description": "",
                "from_port": 2222,
                "ipv6_cidr_blocks": [],
                "prefix_list_ids": [],
                "protocol": "tcp",
                "security_groups": [],
                "self": false,
                "to_port": 2222
              },
              {
                "cidr_blocks": [
                  "0.0.0.0/0"
                ],
                "description": "",
                "from_port": 22,
                "ipv6_cidr_blocks": [],
                "prefix_list_ids": [],
                "protocol": "tcp",
                "security_groups": [],
                "self": false,
                "to_port": 22
              },
              {
                "cidr_blocks": [
                  "0.0.0.0/0"
                ],
                "description": "",
                "from_port": 80,
                "ipv6_cidr_blocks": [],
                "prefix_list_ids": [],
                "protocol": "tcp",
                "security_groups": [],
                "self": false,
                "to_port": 80
              }
            ],
            "name": "default-0-sg",
            "name_prefix": "",
            "owner_id": "575108961200",
            "revoke_rules_on_delete": false,
            "tags": {
              "Environment": "dev",
              "Name": "default-0-sg",
              "Owner": "ja.arizag@uniandes.edu.co",
              "Project": "Tesis",
              "Team": "Security"
            },
            "tags_all": {
              "Environment": "dev",
              "Name": "default-0-sg",
              "Owner": "ja.arizag@uniandes.edu.co",
              "Project": "Tesis",
              "Team": "Security"
            },
            "timeouts": null,
            "vpc_id": "vpc-0125d153d70ae33b5"
          },
          "sensitive_attributes": [],
          "private": "eyJlMmJmYjczMC1lY2FhLTExZTYtOGY4OC0zNDM2M2JjN2M0YzAiOnsiY3JlYXRlIjo2MDAwMDAwMDAwMDAsImRlbGV0ZSI6OTAwMDAwMDAwMDAwfSwic2NoZW1hX3ZlcnNpb24iOiIxIn0="
        }
      ]
    }
  ],
  "check_results": null
}
